schema: '2.0'
stages:
  load_data:
    cmd: python src/load_data.py --config=params.yaml
    deps:
    - path: data_given/winequality.csv
      md5: ccc8d3507eb151f53f760d36abdef888
      size: 91998
    - path: src/get_data.py
      md5: 7caff8f8aa19d0b02856279e92d364a6
      size: 684
    - path: src/load_data.py
      md5: 43ef02b29006655a7182366c03aae4ea
      size: 653
    outs:
    - path: data/raw/winequality.csv
      md5: 4c61c464c7ce6816f54f3d5ffc860526
      size: 93590
  split_data:
    cmd: python src/split_data.py --config=params.yaml
    deps:
    - path: data/raw/winequality.csv
      md5: 4c61c464c7ce6816f54f3d5ffc860526
      size: 93590
    - path: src/split_data.py
      md5: d270bc703da096de8a7b0420a89a6598
      size: 1041
    outs:
    - path: data/processed/test_winequality.csv
      md5: 5bfed7f86409c28e382166264554ceff
      size: 20205
    - path: data/processed/train_winequality.csv
      md5: 9f9c738bdc1ebf8aa83a6e34e93c4f8b
      size: 80410
  train_and_evaluate:
    cmd: python src/train_and_evaluate.py --config=params.yaml
    deps:
    - path: data/processed/test_winequality.csv
      md5: 5bfed7f86409c28e382166264554ceff
      size: 20205
    - path: data/processed/train_winequality.csv
      md5: 9f9c738bdc1ebf8aa83a6e34e93c4f8b
      size: 80410
    - path: src/train_and_evaluate.py
      md5: 6f4add34d08b4be577c4cf184b004cf1
      size: 2673
    params:
      params.yaml:
        estimators.ElasticNet.params.alpha: 0.88
        estimators.ElasticNet.params.l1_ratio: 0.89
    outs:
    - path: report/params.json
      md5: 0568f34313ba7c5e55128b75dbcbee5c
      size: 46
    - path: report/scores.json
      md5: 9c0d5568d1ca5a536e9fd1a08752eebd
      size: 101
    - path: saved_models/model.joblib
      md5: 1302a23f63a4d8a6d0bb1bae91adb92a
      size: 1406
